
Microsoft Visual Studio Solution File, Format Version 12.00
# Visual Studio Version 16
VisualStudioVersion = 16.0.31105.61
MinimumVisualStudioVersion = 10.0.40219.1
Project("{FAE04EC0-301F-11D3-BF4B-00C04F79EFBC}") = "WebApplication3", "WebApplication3\WebApplication3.csproj", "{EE62853A-25BE-4F8D-90E8-15D3A1A92D38}"
EndProject
Global
	GlobalSection(SolutionConfigurationPlatforms) = preSolution
		Debug|Any CPU = Debug|Any CPU
		Release|Any CPU = Release|Any CPU
	EndGlobalSection
	GlobalSection(ProjectConfigurationPlatforms) = postSolution
		{EE62853A-25BE-4F8D-90E8-15D3A1A92D38}.Debug|Any CPU.ActiveCfg = Debug|Any CPU
		{EE62853A-25BE-4F8D-90E8-15D3A1A92D38}.Debug|Any CPU.Build.0 = Debug|Any CPU
		{EE62853A-25BE-4F8D-90E8-15D3A1A92D38}.Release|Any CPU.ActiveCfg = Release|Any CPU
		{EE62853A-25BE-4F8D-90E8-15D3A1A92D38}.Release|Any CPU.Build.0 = Release|Any CPU
	EndGlobalSection
	GlobalSection(SolutionProperties) = preSolution
		HideSolutionNode = FALSE
	EndGlobalSection
	GlobalSection(ExtensibilityGlobals) = postSolution
		SolutionGuid = {C3DBF7FA-890B-4E49-BDDC-9B01F4A69CD7}
	EndGlobalSection
EndGlobal
